// !$*UTF8*$!
{
	archiveVersion = 1;
	classes = {
	};
	objectVersion = 56;
	objects = {

/* Begin PBXBuildFile section */
		0C0CEF1E6F4F7DBEFCE514C0 /* Pods_TMSHomework_Lesson8.framework in Frameworks */ = {isa = PBXBuildFile; fileRef = 4507B1C30D7A5A3CD8937873 /* Pods_TMSHomework_Lesson8.framework */; };
		7A60424C2B28ED7A0026EB03 /* AppDelegate.swift in Sources */ = {isa = PBXBuildFile; fileRef = 7A60424B2B28ED7A0026EB03 /* AppDelegate.swift */; };
		7A60424E2B28ED7A0026EB03 /* SceneDelegate.swift in Sources */ = {isa = PBXBuildFile; fileRef = 7A60424D2B28ED7A0026EB03 /* SceneDelegate.swift */; };
		7A6042502B28ED7A0026EB03 /* ViewController.swift in Sources */ = {isa = PBXBuildFile; fileRef = 7A60424F2B28ED7A0026EB03 /* ViewController.swift */; };
		7A6042532B28ED7A0026EB03 /* Main.storyboard in Resources */ = {isa = PBXBuildFile; fileRef = 7A6042512B28ED7A0026EB03 /* Main.storyboard */; };
		7A6042552B28ED7C0026EB03 /* Assets.xcassets in Resources */ = {isa = PBXBuildFile; fileRef = 7A6042542B28ED7C0026EB03 /* Assets.xcassets */; };
		7A6042582B28ED7C0026EB03 /* LaunchScreen.storyboard in Resources */ = {isa = PBXBuildFile; fileRef = 7A6042562B28ED7C0026EB03 /* LaunchScreen.storyboard */; };
		7A6042622B28F6620026EB03 /* Beer.swift in Sources */ = {isa = PBXBuildFile; fileRef = 7A6042602B28F6620026EB03 /* Beer.swift */; };
		7A6042632B28F6620026EB03 /* BeerManager.swift in Sources */ = {isa = PBXBuildFile; fileRef = 7A6042612B28F6620026EB03 /* BeerManager.swift */; };
/* End PBXBuildFile section */

/* Begin PBXFileReference section */
		4507B1C30D7A5A3CD8937873 /* Pods_TMSHomework_Lesson8.framework */ = {isa = PBXFileReference; explicitFileType = wrapper.framework; includeInIndex = 0; path = Pods_TMSHomework_Lesson8.framework; sourceTree = BUILT_PRODUCTS_DIR; };
		7A6042482B28ED7A0026EB03 /* TMSHomework-Lesson8.app */ = {isa = PBXFileReference; explicitFileType = wrapper.application; includeInIndex = 0; path = "TMSHomework-Lesson8.app"; sourceTree = BUILT_PRODUCTS_DIR; };
		7A60424B2B28ED7A0026EB03 /* AppDelegate.swift */ = {isa = PBXFileReference; lastKnownFileType = sourcecode.swift; path = AppDelegate.swift; sourceTree = "<group>"; };
		7A60424D2B28ED7A0026EB03 /* SceneDelegate.swift */ = {isa = PBXFileReference; lastKnownFileType = sourcecode.swift; path = SceneDelegate.swift; sourceTree = "<group>"; };
		7A60424F2B28ED7A0026EB03 /* ViewController.swift */ = {isa = PBXFileReference; lastKnownFileType = sourcecode.swift; path = ViewController.swift; sourceTree = "<group>"; };
		7A6042522B28ED7A0026EB03 /* Base */ = {isa = PBXFileReference; lastKnownFileType = file.storyboard; name = Base; path = Base.lproj/Main.storyboard; sourceTree = "<group>"; };
		7A6042542B28ED7C0026EB03 /* Assets.xcassets */ = {isa = PBXFileReference; lastKnownFileType = folder.assetcatalog; path = Assets.xcassets; sourceTree = "<group>"; };
		7A6042572B28ED7C0026EB03 /* Base */ = {isa = PBXFileReference; lastKnownFileType = file.storyboard; name = Base; path = Base.lproj/LaunchScreen.storyboard; sourceTree = "<group>"; };
		7A6042592B28ED7C0026EB03 /* Info.plist */ = {isa = PBXFileReference; lastKnownFileType = text.plist.xml; path = Info.plist; sourceTree = "<group>"; };
		7A6042602B28F6620026EB03 /* Beer.swift */ = {isa = PBXFileReference; fileEncoding = 4; lastKnownFileType = sourcecode.swift; path = Beer.swift; sourceTree = "<group>"; };
		7A6042612B28F6620026EB03 /* BeerManager.swift */ = {isa = PBXFileReference; fileEncoding = 4; lastKnownFileType = sourcecode.swift; path = BeerManager.swift; sourceTree = "<group>"; };
		7D3344349E18FF969B97A277 /* Pods-TMSHomework-Lesson8.debug.xcconfig */ = {isa = PBXFileReference; includeInIndex = 1; lastKnownFileType = text.xcconfig; name = "Pods-TMSHomework-Lesson8.debug.xcconfig"; path = "Target Support Files/Pods-TMSHomework-Lesson8/Pods-TMSHomework-Lesson8.debug.xcconfig"; sourceTree = "<group>"; };
		F8ED0F3697EF3B2D908CD0FD /* Pods-TMSHomework-Lesson8.release.xcconfig */ = {isa = PBXFileReference; includeInIndex = 1; lastKnownFileType = text.xcconfig; name = "Pods-TMSHomework-Lesson8.release.xcconfig"; path = "Target Support Files/Pods-TMSHomework-Lesson8/Pods-TMSHomework-Lesson8.release.xcconfig"; sourceTree = "<group>"; };
/* End PBXFileReference section */

/* Begin PBXFrameworksBuildPhase section */
		7A6042452B28ED7A0026EB03 /* Frameworks */ = {
			isa = PBXFrameworksBuildPhase;
			buildActionMask = 2147483647;
			files = (
				0C0CEF1E6F4F7DBEFCE514C0 /* Pods_TMSHomework_Lesson8.framework in Frameworks */,
			);
			runOnlyForDeploymentPostprocessing = 0;
		};
/* End PBXFrameworksBuildPhase section */

/* Begin PBXGroup section */
		37853D48464058F1DFEFDF90 /* Frameworks */ = {
			isa = PBXGroup;
			children = (
				4507B1C30D7A5A3CD8937873 /* Pods_TMSHomework_Lesson8.framework */,
			);
			name = Frameworks;
			sourceTree = "<group>";
		};
		7A60423F2B28ED7A0026EB03 = {
			isa = PBXGroup;
			children = (
				7A60424A2B28ED7A0026EB03 /* TMSHomework-Lesson8 */,
				7A6042492B28ED7A0026EB03 /* Products */,
				CD9A4547508775CE46F2A29A /* Pods */,
				37853D48464058F1DFEFDF90 /* Frameworks */,
			);
			sourceTree = "<group>";
		};
		7A6042492B28ED7A0026EB03 /* Products */ = {
			isa = PBXGroup;
			children = (
				7A6042482B28ED7A0026EB03 /* TMSHomework-Lesson8.app */,
			);
			name = Products;
			sourceTree = "<group>";
		};
		7A60424A2B28ED7A0026EB03 /* TMSHomework-Lesson8 */ = {
			isa = PBXGroup;
			children = (
				7A60425F2B28F6250026EB03 /* Homework */,
				7A60424B2B28ED7A0026EB03 /* AppDelegate.swift */,
				7A60424D2B28ED7A0026EB03 /* SceneDelegate.swift */,
				7A60424F2B28ED7A0026EB03 /* ViewController.swift */,
				7A6042512B28ED7A0026EB03 /* Main.storyboard */,
				7A6042542B28ED7C0026EB03 /* Assets.xcassets */,
				7A6042562B28ED7C0026EB03 /* LaunchScreen.storyboard */,
				7A6042592B28ED7C0026EB03 /* Info.plist */,
			);
			path = "TMSHomework-Lesson8";
			sourceTree = "<group>";
		};
		7A60425F2B28F6250026EB03 /* Homework */ = {
			isa = PBXGroup;
			children = (
				7A6042602B28F6620026EB03 /* Beer.swift */,
				7A6042612B28F6620026EB03 /* BeerManager.swift */,
			);
			path = Homework;
			sourceTree = "<group>";
		};
		CD9A4547508775CE46F2A29A /* Pods */ = {
			isa = PBXGroup;
			children = (
				7D3344349E18FF969B97A277 /* Pods-TMSHomework-Lesson8.debug.xcconfig */,
				F8ED0F3697EF3B2D908CD0FD /* Pods-TMSHomework-Lesson8.release.xcconfig */,
			);
			path = Pods;
			sourceTree = "<group>";
		};
/* End PBXGroup section */

/* Begin PBXNativeTarget section */
		7A6042472B28ED7A0026EB03 /* TMSHomework-Lesson8 */ = {
			isa = PBXNativeTarget;
			buildConfigurationList = 7A60425C2B28ED7C0026EB03 /* Build configuration list for PBXNativeTarget "TMSHomework-Lesson8" */;
			buildPhases = (
				CCE83F4425DB292DDE6E637E /* [CP] Check Pods Manifest.lock */,
				7A6042442B28ED7A0026EB03 /* Sources */,
				7A6042452B28ED7A0026EB03 /* Frameworks */,
				7A6042462B28ED7A0026EB03 /* Resources */,
				B523C5B0BB6FF037AE333812 /* [CP] Embed Pods Frameworks */,
			);
			buildRules = (
			);
			dependencies = (
			);
			name = "TMSHomework-Lesson8";
			productName = "TMSHomework-Lesson8";
			productReference = 7A6042482B28ED7A0026EB03 /* TMSHomework-Lesson8.app */;
			productType = "com.apple.product-type.application";
		};
/* End PBXNativeTarget section */

/* Begin PBXProject section */
		7A6042402B28ED7A0026EB03 /* Project object */ = {
			isa = PBXProject;
			attributes = {
				BuildIndependentTargetsInParallel = 1;
				LastSwiftUpdateCheck = 1500;
				LastUpgradeCheck = 1500;
				TargetAttributes = {
					7A6042472B28ED7A0026EB03 = {
						CreatedOnToolsVersion = 15.0.1;
					};
				};
			};
			buildConfigurationList = 7A6042432B28ED7A0026EB03 /* Build configuration list for PBXProject "TMSHomework-Lesson8" */;
			compatibilityVersion = "Xcode 14.0";
			developmentRegion = en;
			hasScannedForEncodings = 0;
			knownRegions = (
				en,
				Base,
			);
			mainGroup = 7A60423F2B28ED7A0026EB03;
			productRefGroup = 7A6042492B28ED7A0026EB03 /* Products */;
			projectDirPath = "";
			projectRoot = "";
			targets = (
				7A6042472B28ED7A0026EB03 /* TMSHomework-Lesson8 */,
			);
		};
/* End PBXProject section */

/* Begin PBXResourcesBuildPhase section */
		7A6042462B28ED7A0026EB03 /* Resources */ = {
			isa = PBXResourcesBuildPhase;
			buildActionMask = 2147483647;
			files = (
				7A6042582B28ED7C0026EB03 /* LaunchScreen.storyboard in Resources */,
				7A6042552B28ED7C0026EB03 /* Assets.xcassets in Resources */,
				7A6042532B28ED7A0026EB03 /* Main.storyboard in Resources */,
			);
			runOnlyForDeploymentPostprocessing = 0;
		};
/* End PBXResourcesBuildPhase section */

/* Begin PBXShellScriptBuildPhase section */
		B523C5B0BB6FF037AE333812 /* [CP] Embed Pods Frameworks */ = {
			isa = PBXShellScriptBuildPhase;
			buildActionMask = 2147483647;
			files = (
			);
			inputFileListPaths = (
				"${PODS_ROOT}/Target Support Files/Pods-TMSHomework-Lesson8/Pods-TMSHomework-Lesson8-frameworks-${CONFIGURATION}-input-files.xcfilelist",
			);
			name = "[CP] Embed Pods Frameworks";
			outputFileListPaths = (
				"${PODS_ROOT}/Target Support Files/Pods-TMSHomework-Lesson8/Pods-TMSHomework-Lesson8-frameworks-${CONFIGURATION}-output-files.xcfilelist",
			);
			runOnlyForDeploymentPostprocessing = 0;
			shellPath = /bin/sh;
			shellScript = "\"${PODS_ROOT}/Target Support Files/Pods-TMSHomework-Lesson8/Pods-TMSHomework-Lesson8-frameworks.sh\"\n";
			showEnvVarsInLog = 0;
		};
		CCE83F4425DB292DDE6E637E /* [CP] Check Pods Manifest.lock */ = {
			isa = PBXShellScriptBuildPhase;
			buildActionMask = 2147483647;
			files = (
			);
			inputFileListPaths = (
			);
			inputPaths = (
				"${PODS_PODFILE_DIR_PATH}/Podfile.lock",
				"${PODS_ROOT}/Manifest.lock",
			);
			name = "[CP] Check Pods Manifest.lock";
			outputFileListPaths = (
			);
			outputPaths = (
				"$(DERIVED_FILE_DIR)/Pods-TMSHomework-Lesson8-checkManifestLockResult.txt",
			);
			runOnlyForDeploymentPostprocessing = 0;
			shellPath = /bin/sh;
			shellScript = "diff \"${PODS_PODFILE_DIR_PATH}/Podfile.lock\" \"${PODS_ROOT}/Manifest.lock\" > /dev/null\nif [ $? != 0 ] ; then\n    # print error to STDERR\n    echo \"error: The sandbox is not in sync with the Podfile.lock. Run 'pod install' or update your CocoaPods installation.\" >&2\n    exit 1\nfi\n# This output is used by Xcode 'outputs' to avoid re-running this script phase.\necho \"SUCCESS\" > \"${SCRIPT_OUTPUT_FILE_0}\"\n";
			showEnvVarsInLog = 0;
		};
/* End PBXShellScriptBuildPhase section */

/* Begin PBXSourcesBuildPhase section */
		7A6042442B28ED7A0026EB03 /* Sources */ = {
			isa = PBXSourcesBuildPhase;
			buildActionMask = 2147483647;
			files = (
				7A6042502B28ED7A0026EB03 /* ViewController.swift in Sources */,
				7A60424C2B28ED7A0026EB03 /* AppDelegate.swift in Sources */,
				7A60424E2B28ED7A0026EB03 /* SceneDelegate.swift in Sources */,
				7A6042632B28F6620026EB03 /* BeerManager.swift in Sources */,
				7A6042622B28F6620026EB03 /* Beer.swift in Sources */,
			);
			runOnlyForDeploymentPostprocessing = 0;
		};
/* End PBXSourcesBuildPhase section */

/* Begin PBXVariantGroup section */
		7A6042512B28ED7A0026EB03 /* Main.storyboard */ = {
			isa = PBXVariantGroup;
			children = (
				7A6042522B28ED7A0026EB03 /* Base */,
			);
			name = Main.storyboard;
			sourceTree = "<group>";
		};
		7A6042562B28ED7C0026EB03 /* LaunchScreen.storyboard */ = {
			isa = PBXVariantGroup;
			children = (
				7A6042572B28ED7C0026EB03 /* Base */,
			);
			name = LaunchScreen.storyboard;
			sourceTree = "<group>";
		};
/* End PBXVariantGroup section */

/* Begin XCBuildConfiguration section */
		7A60425A2B28ED7C0026EB03 /* Debug */ = {
			isa = XCBuildConfiguration;
			buildSettings = {
				ALWAYS_SEARCH_USER_PATHS = NO;
				ASSETCATALOG_COMPILER_GENERATE_SWIFT_ASSET_SYMBOL_EXTENSIONS = YES;
				CLANG_ANALYZER_NONNULL = YES;
				CLANG_ANALYZER_NUMBER_OBJECT_CONVERSION = YES_AGGRESSIVE;
				CLANG_CXX_LANGUAGE_STANDARD = "gnu++20";
				CLANG_ENABLE_MODULES = YES;
				CLANG_ENABLE_OBJC_ARC = YES;
				CLANG_ENABLE_OBJC_WEAK = YES;
				CLANG_WARN_BLOCK_CAPTURE_AUTORELEASING = YES;
				CLANG_WARN_BOOL_CONVERSION = YES;
				CLANG_WARN_COMMA = YES;
				CLANG_WARN_CONSTANT_CONVERSION = YES;
				CLANG_WARN_DEPRECATED_OBJC_IMPLEMENTATIONS = YES;
				CLANG_WARN_DIRECT_OBJC_ISA_USAGE = YES_ERROR;
				CLANG_WARN_DOCUMENTATION_COMMENTS = YES;
				CLANG_WARN_EMPTY_BODY = YES;
				CLANG_WARN_ENUM_CONVERSION = YES;
				CLANG_WARN_INFINITE_RECURSION = YES;
				CLANG_WARN_INT_CONVERSION = YES;
				CLANG_WARN_NON_LITERAL_NULL_CONVERSION = YES;
				CLANG_WARN_OBJC_IMPLICIT_RETAIN_SELF = YES;
				CLANG_WARN_OBJC_LITERAL_CONVERSION = YES;
				CLANG_WARN_OBJC_ROOT_CLASS = YES_ERROR;
				CLANG_WARN_QUOTED_INCLUDE_IN_FRAMEWORK_HEADER = YES;
				CLANG_WARN_RANGE_LOOP_ANALYSIS = YES;
				CLANG_WARN_STRICT_PROTOTYPES = YES;
				CLANG_WARN_SUSPICIOUS_MOVE = YES;
				CLANG_WARN_UNGUARDED_AVAILABILITY = YES_AGGRESSIVE;
				CLANG_WARN_UNREACHABLE_CODE = YES;
				CLANG_WARN__DUPLICATE_METHOD_MATCH = YES;
				COPY_PHASE_STRIP = NO;
				DEBUG_INFORMATION_FORMAT = dwarf;
				ENABLE_STRICT_OBJC_MSGSEND = YES;
				ENABLE_TESTABILITY = YES;
				ENABLE_USER_SCRIPT_SANDBOXING = YES;
				GCC_C_LANGUAGE_STANDARD = gnu17;
				GCC_DYNAMIC_NO_PIC = NO;
				GCC_NO_COMMON_BLOCKS = YES;
				GCC_OPTIMIZATION_LEVEL = 0;
				GCC_PREPROCESSOR_DEFINITIONS = (
					"DEBUG=1",
					"$(inherited)",
				);
				GCC_WARN_64_TO_32_BIT_CONVERSION = YES;
				GCC_WARN_ABOUT_RETURN_TYPE = YES_ERROR;
				GCC_WARN_UNDECLARED_SELECTOR = YES;
				GCC_WARN_UNINITIALIZED_AUTOS = YES_AGGRESSIVE;
				GCC_WARN_UNUSED_FUNCTION = YES;
				GCC_WARN_UNUSED_VARIABLE = YES;
				IPHONEOS_DEPLOYMENT_TARGET = 17.0;
				LOCALIZATION_PREFERS_STRING_CATALOGS = YES;
				MTL_ENABLE_DEBUG_INFO = INCLUDE_SOURCE;
				MTL_FAST_MATH = YES;
				ONLY_ACTIVE_ARCH = YES;
				SDKROOT = iphoneos;
				SWIFT_ACTIVE_COMPILATION_CONDITIONS = "DEBUG $(inherited)";
				SWIFT_OPTIMIZATION_LEVEL = "-Onone";
			};
			name = Debug;
		};
		7A60425B2B28ED7C0026EB03 /* Release */ = {
			isa = XCBuildConfiguration;
			buildSettings = {
				ALWAYS_SEARCH_USER_PATHS = NO;
				ASSETCATALOG_COMPILER_GENERATE_SWIFT_ASSET_SYMBOL_EXTENSIONS = YES;
				CLANG_ANALYZER_NONNULL = YES;
				CLANG_ANALYZER_NUMBER_OBJECT_CONVERSION = YES_AGGRESSIVE;
				CLANG_CXX_LANGUAGE_STANDARD = "gnu++20";
				CLANG_ENABLE_MODULES = YES;
				CLANG_ENABLE_OBJC_ARC = YES;
				CLANG_ENABLE_OBJC_WEAK = YES;
				CLANG_WARN_BLOCK_CAPTURE_AUTORELEASING = YES;
				CLANG_WARN_BOOL_CONVERSION = YES;
				CLANG_WARN_COMMA = YES;
				CLANG_WARN_CONSTANT_CONVERSION = YES;
				CLANG_WARN_DEPRECATED_OBJC_IMPLEMENTATIONS = YES;
				CLANG_WARN_DIRECT_OBJC_ISA_USAGE = YES_ERROR;
				CLANG_WARN_DOCUMENTATION_COMMENTS = YES;
				CLANG_WARN_EMPTY_BODY = YES;
				CLANG_WARN_ENUM_CONVERSION = YES;
				CLANG_WARN_INFINITE_RECURSION = YES;
				CLANG_WARN_INT_CONVERSION = YES;
				CLANG_WARN_NON_LITERAL_NULL_CONVERSION = YES;
				CLANG_WARN_OBJC_IMPLICIT_RETAIN_SELF = YES;
				CLANG_WARN_OBJC_LITERAL_CONVERSION = YES;
				CLANG_WARN_OBJC_ROOT_CLASS = YES_ERROR;
				CLANG_WARN_QUOTED_INCLUDE_IN_FRAMEWORK_HEADER = YES;
				CLANG_WARN_RANGE_LOOP_ANALYSIS = YES;
				CLANG_WARN_STRICT_PROTOTYPES = YES;
				CLANG_WARN_SUSPICIOUS_MOVE = YES;
				CLANG_WARN_UNGUARDED_AVAILABILITY = YES_AGGRESSIVE;
				CLANG_WARN_UNREACHABLE_CODE = YES;
				CLANG_WARN__DUPLICATE_METHOD_MATCH = YES;
				COPY_PHASE_STRIP = NO;
				DEBUG_INFORMATION_FORMAT = "dwarf-with-dsym";
				ENABLE_NS_ASSERTIONS = NO;
				ENABLE_STRICT_OBJC_MSGSEND = YES;
				ENABLE_USER_SCRIPT_SANDBOXING = YES;
				GCC_C_LANGUAGE_STANDARD = gnu17;
				GCC_NO_COMMON_BLOCKS = YES;
				GCC_WARN_64_TO_32_BIT_CONVERSION = YES;
				GCC_WARN_ABOUT_RETURN_TYPE = YES_ERROR;
				GCC_WARN_UNDECLARED_SELECTOR = YES;
				GCC_WARN_UNINITIALIZED_AUTOS = YES_AGGRESSIVE;
				GCC_WARN_UNUSED_FUNCTION = YES;
				GCC_WARN_UNUSED_VARIABLE = YES;
				IPHONEOS_DEPLOYMENT_TARGET = 17.0;
				LOCALIZATION_PREFERS_STRING_CATALOGS = YES;
				MTL_ENABLE_DEBUG_INFO = NO;
				MTL_FAST_MATH = YES;
				SDKROOT = iphoneos;
				SWIFT_COMPILATION_MODE = wholemodule;
				VALIDATE_PRODUCT = YES;
			};
			name = Release;
		};
		7A60425D2B28ED7C0026EB03 /* Debug */ = {
			isa = XCBuildConfiguration;
			baseConfigurationReference = 7D3344349E18FF969B97A277 /* Pods-TMSHomework-Lesson8.debug.xcconfig */;
			buildSettings = {
				ASSETCATALOG_COMPILER_APPICON_NAME = AppIcon;
				ASSETCATALOG_COMPILER_GLOBAL_ACCENT_COLOR_NAME = AccentColor;
				CODE_SIGN_STYLE = Automatic;
				CURRENT_PROJECT_VERSION = 1;
				DEVELOPMENT_TEAM = BLSN95DCGL;
				GENERATE_INFOPLIST_FILE = YES;
				INFOPLIST_FILE = "TMSHomework-Lesson8/Info.plist";
				INFOPLIST_KEY_UIApplicationSupportsIndirectInputEvents = YES;
				INFOPLIST_KEY_UILaunchStoryboardName = LaunchScreen;
				INFOPLIST_KEY_UIMainStoryboardFile = Main;
				INFOPLIST_KEY_UISupportedInterfaceOrientations_iPad = "UIInterfaceOrientationPortrait UIInterfaceOrientationPortraitUpsideDown UIInterfaceOrientationLandscapeLeft UIInterfaceOrientationLandscapeRight";
				INFOPLIST_KEY_UISupportedInterfaceOrientations_iPhone = "UIInterfaceOrientationPortrait UIInterfaceOrientationLandscapeLeft UIInterfaceOrientationLandscapeRight";
				LD_RUNPATH_SEARCH_PATHS = (
					"$(inherited)",
					"@executable_path/Frameworks",
				);
				MARKETING_VERSION = 1.0;
				PRODUCT_BUNDLE_IDENTIFIER = "com.example.TMSHomework-Lesson8";
				PRODUCT_NAME = "$(TARGET_NAME)";
				SWIFT_EMIT_LOC_STRINGS = YES;
				SWIFT_VERSION = 5.0;
				TARGETED_DEVICE_FAMILY = "1,2";
			};
			name = Debug;
		};
		7A60425E2B28ED7C0026EB03 /* Release */ = {
			isa = XCBuildConfiguration;
			baseConfigurationReference = F8ED0F3697EF3B2D908CD0FD /* Pods-TMSHomework-Lesson8.release.xcconfig */;
			buildSettings = {
				ASSETCATALOG_COMPILER_APPICON_NAME = AppIcon;
				ASSETCATALOG_COMPILER_GLOBAL_ACCENT_COLOR_NAME = AccentColor;
				CODE_SIGN_STYLE = Automatic;
				CURRENT_PROJECT_VERSION = 1;
				DEVELOPMENT_TEAM = BLSN95DCGL;
				GENERATE_INFOPLIST_FILE = YES;
				INFOPLIST_FILE = "TMSHomework-Lesson8/Info.plist";
				INFOPLIST_KEY_UIApplicationSupportsIndirectInputEvents = YES;
				INFOPLIST_KEY_UILaunchStoryboardName = LaunchScreen;
				INFOPLIST_KEY_UIMainStoryboardFile = Main;
				INFOPLIST_KEY_UISupportedInterfaceOrientations_iPad = "UIInterfaceOrientationPortrait UIInterfaceOrientationPortraitUpsideDown UIInterfaceOrientationLandscapeLeft UIInterfaceOrientationLandscapeRight";
				INFOPLIST_KEY_UISupportedInterfaceOrientations_iPhone = "UIInterfaceOrientationPortrait UIInterfaceOrientationLandscapeLeft UIInterfaceOrientationLandscapeRight";
				LD_RUNPATH_SEARCH_PATHS = (
					"$(inherited)",
					"@executable_path/Frameworks",
				);
				MARKETING_VERSION = 1.0;
				PRODUCT_BUNDLE_IDENTIFIER = "com.example.TMSHomework-Lesson8";
				PRODUCT_NAME = "$(TARGET_NAME)";
				SWIFT_EMIT_LOC_STRINGS = YES;
				SWIFT_VERSION = 5.0;
				TARGETED_DEVICE_FAMILY = "1,2";
			};
			name = Release;
		};
/* End XCBuildConfiguration section */

/* Begin XCConfigurationList section */
		7A6042432B28ED7A0026EB03 /* Build configuration list for PBXProject "TMSHomework-Lesson8" */ = {
			isa = XCConfigurationList;
			buildConfigurations = (
				7A60425A2B28ED7C0026EB03 /* Debug */,
				7A60425B2B28ED7C0026EB03 /* Release */,
			);
			defaultConfigurationIsVisible = 0;
			defaultConfigurationName = Release;
		};
		7A60425C2B28ED7C0026EB03 /* Build configuration list for PBXNativeTarget "TMSHomework-Lesson8" */ = {
			isa = XCConfigurationList;
			buildConfigurations = (
				7A60425D2B28ED7C0026EB03 /* Debug */,
				7A60425E2B28ED7C0026EB03 /* Release */,
			);
			defaultConfigurationIsVisible = 0;
			defaultConfigurationName = Release;
		};
/* End XCConfigurationList section */
	};
	rootObject = 7A6042402B28ED7A0026EB03 /* Project object */;
}
